
Microsoft Visual Studio Solution File, Format Version 12.00
# Visual Studio Express 2013 for Web
VisualStudioVersion = 12.0.30723.0
MinimumVisualStudioVersion = 10.0.40219.1
Project("{E24C65DC-7377-472B-9ABA-BC803B73C61A}") = "WebSite1", "http://localhost:8080", "{534A1C9F-8A4F-43B9-A198-D8B6E8EEC9D4}"
	ProjectSection(WebsiteProperties) = preProject
		SccProjectName = "SAK"
		SccAuxPath = "SAK"
		SccLocalPath = "SAK"
		SccProvider = "SAK"
		UseIISExpress = "true"
		TargetFrameworkMoniker = ".NETFramework,Version%3Dv3.5"
		Debug.AspNetCompiler.VirtualPath = "/localhost_8080"
		Debug.AspNetCompiler.PhysicalPath = "..\..\..\..\..\..\NewZappSS\NewZapp.NET\"
		Debug.AspNetCompiler.TargetPath = "PrecompiledWeb\localhost_8080\"
		Debug.AspNetCompiler.Updateable = "true"
		Debug.AspNetCompiler.ForceOverwrite = "true"
		Debug.AspNetCompiler.FixedNames = "false"
		Debug.AspNetCompiler.Debug = "True"
		Release.AspNetCompiler.VirtualPath = "/localhost_8080"
		Release.AspNetCompiler.PhysicalPath = "..\..\..\..\..\..\NewZappSS\NewZapp.NET\"
		Release.AspNetCompiler.TargetPath = "PrecompiledWeb\localhost_8080\"
		Release.AspNetCompiler.Updateable = "true"
		Release.AspNetCompiler.ForceOverwrite = "true"
		Release.AspNetCompiler.FixedNames = "false"
		Release.AspNetCompiler.Debug = "False"
		SlnRelativePath = "..\..\..\..\..\..\NewZappSS\NewZapp.NET\"
	EndProjectSection
	ProjectSection(ProjectDependencies) = postProject
		{87FD0096-1505-4C5A-B40F-EB2DF6FD1B89} = {87FD0096-1505-4C5A-B40F-EB2DF6FD1B89}
	EndProjectSection
EndProject
Project("{F184B08F-C81C-45F6-A57F-5ABD9991F28F}") = "Objects.NET", "..\..\..\..\..\..\NewZappSS\Objects.NET\Objects.NET\Objects.NET.vbproj", "{87FD0096-1505-4C5A-B40F-EB2DF6FD1B89}"
EndProject
Global
	GlobalSection(TeamFoundationVersionControl) = preSolution
		SccNumberOfProjects = 1
		SccEnterpriseProvider = {4CA58AB2-18FA-4F8D-95D4-32DDF27D184C}
		SccTeamFoundationServer = https://pgrinsell.visualstudio.com/defaultcollection
		SccWebProject0 = true
		SccProjectUniqueName0 = http://localhost:8080
		SccProjectName0 = $/NewZapp.NET
		SccAuxPath0 = https://pgrinsell.visualstudio.com/defaultcollection
		SccLocalPath0 = ..\\..\\..\\..\\..\\..\\NewZappSS\\NewZapp.NET
		SccProvider0 = {4CA58AB2-18FA-4F8D-95D4-32DDF27D184C}
		SccProjectEnlistmentChoice0 = 2
	EndGlobalSection
	GlobalSection(SolutionConfigurationPlatforms) = preSolution
		Debug|Any CPU = Debug|Any CPU
		Release|Any CPU = Release|Any CPU
	EndGlobalSection
	GlobalSection(ProjectConfigurationPlatforms) = postSolution
		{534A1C9F-8A4F-43B9-A198-D8B6E8EEC9D4}.Debug|Any CPU.ActiveCfg = Debug|Any CPU
		{534A1C9F-8A4F-43B9-A198-D8B6E8EEC9D4}.Debug|Any CPU.Build.0 = Debug|Any CPU
		{534A1C9F-8A4F-43B9-A198-D8B6E8EEC9D4}.Release|Any CPU.ActiveCfg = Debug|Any CPU
		{534A1C9F-8A4F-43B9-A198-D8B6E8EEC9D4}.Release|Any CPU.Build.0 = Debug|Any CPU
		{87FD0096-1505-4C5A-B40F-EB2DF6FD1B89}.Debug|Any CPU.ActiveCfg = Debug|Any CPU
		{87FD0096-1505-4C5A-B40F-EB2DF6FD1B89}.Debug|Any CPU.Build.0 = Debug|Any CPU
		{87FD0096-1505-4C5A-B40F-EB2DF6FD1B89}.Release|Any CPU.ActiveCfg = Release|Any CPU
		{87FD0096-1505-4C5A-B40F-EB2DF6FD1B89}.Release|Any CPU.Build.0 = Release|Any CPU
	EndGlobalSection
	GlobalSection(SolutionProperties) = preSolution
		HideSolutionNode = FALSE
	EndGlobalSection
EndGlobal
